
Microsoft Visual Studio Solution File, Format Version 12.00
# Visual Studio Version 17
VisualStudioVersion = 17.1.32319.34
MinimumVisualStudioVersion = 10.0.40219.1
Project("{FAE04EC0-301F-11D3-BF4B-00C04F79EFBC}") = "app1110", "app1110\app1110.csproj", "{DD6921A0-69E6-4110-82DE-1283275AB93C}"
EndProject
Global
	GlobalSection(SolutionConfigurationPlatforms) = preSolution
		Debug|Any CPU = Debug|Any CPU
		Release|Any CPU = Release|Any CPU
	EndGlobalSection
	GlobalSection(ProjectConfigurationPlatforms) = postSolution
		{DD6921A0-69E6-4110-82DE-1283275AB93C}.Debug|Any CPU.ActiveCfg = Debug|Any CPU
		{DD6921A0-69E6-4110-82DE-1283275AB93C}.Debug|Any CPU.Build.0 = Debug|Any CPU
		{DD6921A0-69E6-4110-82DE-1283275AB93C}.Release|Any CPU.ActiveCfg = Release|Any CPU
		{DD6921A0-69E6-4110-82DE-1283275AB93C}.Release|Any CPU.Build.0 = Release|Any CPU
	EndGlobalSection
	GlobalSection(SolutionProperties) = preSolution
		HideSolutionNode = FALSE
	EndGlobalSection
	GlobalSection(ExtensibilityGlobals) = postSolution
		SolutionGuid = {EBAFDD44-2F89-4A82-AFE4-2881E3FA680E}
	EndGlobalSection
EndGlobal
